// !$*UTF8*$!
{
	archiveVersion = 1;
	classes = {
	};
	objectVersion = 46;
	objects = {

/* Begin PBXBuildFile section */
		28D7CF131BA274BB004D6553 /* main.m in Sources */ = {isa = PBXBuildFile; fileRef = 28D7CF121BA274BB004D6553 /* main.m */; };
		28D7CF161BA274BB004D6553 /* AppDelegate.m in Sources */ = {isa = PBXBuildFile; fileRef = 28D7CF151BA274BB004D6553 /* AppDelegate.m */; };
		28D7CF191BA274BB004D6553 /* ViewController.m in Sources */ = {isa = PBXBuildFile; fileRef = 28D7CF181BA274BB004D6553 /* ViewController.m */; };
		28D7CF1C1BA274BB004D6553 /* Main.storyboard in Resources */ = {isa = PBXBuildFile; fileRef = 28D7CF1A1BA274BB004D6553 /* Main.storyboard */; };
		28D7CF1E1BA274BB004D6553 /* Images.xcassets in Resources */ = {isa = PBXBuildFile; fileRef = 28D7CF1D1BA274BB004D6553 /* Images.xcassets */; };
		28D7CF211BA274BB004D6553 /* LaunchScreen.xib in Resources */ = {isa = PBXBuildFile; fileRef = 28D7CF1F1BA274BB004D6553 /* LaunchScreen.xib */; };
		28D7CF2D1BA274BB004D6553 /* CALayerDemo3Tests.m in Sources */ = {isa = PBXBuildFile; fileRef = 28D7CF2C1BA274BB004D6553 /* CALayerDemo3Tests.m */; };
/* End PBXBuildFile section */

/* Begin PBXContainerItemProxy section */
		28D7CF271BA274BB004D6553 /* PBXContainerItemProxy */ = {
			isa = PBXContainerItemProxy;
			containerPortal = 28D7CF051BA274BB004D6553 /* Project object */;
			proxyType = 1;
			remoteGlobalIDString = 28D7CF0C1BA274BB004D6553;
			remoteInfo = CALayerDemo3;
		};
/* End PBXContainerItemProxy section */

/* Begin PBXFileReference section */
		28D7CF0D1BA274BB004D6553 /* CALayerDemo3.app */ = {isa = PBXFileReference; explicitFileType = wrapper.application; includeInIndex = 0; path = CALayerDemo3.app; sourceTree = BUILT_PRODUCTS_DIR; };
		28D7CF111BA274BB004D6553 /* Info.plist */ = {isa = PBXFileReference; lastKnownFileType = text.plist.xml; path = Info.plist; sourceTree = "<group>"; };
		28D7CF121BA274BB004D6553 /* main.m */ = {isa = PBXFileReference; lastKnownFileType = sourcecode.c.objc; path = main.m; sourceTree = "<group>"; };
		28D7CF141BA274BB004D6553 /* AppDelegate.h */ = {isa = PBXFileReference; lastKnownFileType = sourcecode.c.h; path = AppDelegate.h; sourceTree = "<group>"; };
		28D7CF151BA274BB004D6553 /* AppDelegate.m */ = {isa = PBXFileReference; lastKnownFileType = sourcecode.c.objc; path = AppDelegate.m; sourceTree = "<group>"; };
		28D7CF171BA274BB004D6553 /* ViewController.h */ = {isa = PBXFileReference; lastKnownFileType = sourcecode.c.h; path = ViewController.h; sourceTree = "<group>"; };
		28D7CF181BA274BB004D6553 /* ViewController.m */ = {isa = PBXFileReference; lastKnownFileType = sourcecode.c.objc; path = ViewController.m; sourceTree = "<group>"; };
		28D7CF1B1BA274BB004D6553 /* Base */ = {isa = PBXFileReference; lastKnownFileType = file.storyboard; name = Base; path = Base.lproj/Main.storyboard; sourceTree = "<group>"; };
		28D7CF1D1BA274BB004D6553 /* Images.xcassets */ = {isa = PBXFileReference; lastKnownFileType = folder.assetcatalog; path = Images.xcassets; sourceTree = "<group>"; };
		28D7CF201BA274BB004D6553 /* Base */ = {isa = PBXFileReference; lastKnownFileType = file.xib; name = Base; path = Base.lproj/LaunchScreen.xib; sourceTree = "<group>"; };
		28D7CF261BA274BB004D6553 /* CALayerDemo3Tests.xctest */ = {isa = PBXFileReference; explicitFileType = wrapper.cfbundle; includeInIndex = 0; path = CALayerDemo3Tests.xctest; sourceTree = BUILT_PRODUCTS_DIR; };
		28D7CF2B1BA274BB004D6553 /* Info.plist */ = {isa = PBXFileReference; lastKnownFileType = text.plist.xml; path = Info.plist; sourceTree = "<group>"; };
		28D7CF2C1BA274BB004D6553 /* CALayerDemo3Tests.m */ = {isa = PBXFileReference; lastKnownFileType = sourcecode.c.objc; path = CALayerDemo3Tests.m; sourceTree = "<group>"; };
/* End PBXFileReference section */

/* Begin PBXFrameworksBuildPhase section */
		28D7CF0A1BA274BB004D6553 /* Frameworks */ = {
			isa = PBXFrameworksBuildPhase;
			buildActionMask = 2147483647;
			files = (
			);
			runOnlyForDeploymentPostprocessing = 0;
		};
		28D7CF231BA274BB004D6553 /* Frameworks */ = {
			isa = PBXFrameworksBuildPhase;
			buildActionMask = 2147483647;
			files = (
			);
			runOnlyForDeploymentPostprocessing = 0;
		};
/* End PBXFrameworksBuildPhase section */

/* Begin PBXGroup section */
		28D7CF041BA274BB004D6553 = {
			isa = PBXGroup;
			children = (
				28D7CF0F1BA274BB004D6553 /* CALayerDemo3 */,
				28D7CF291BA274BB004D6553 /* CALayerDemo3Tests */,
				28D7CF0E1BA274BB004D6553 /* Products */,
			);
			sourceTree = "<group>";
		};
		28D7CF0E1BA274BB004D6553 /* Products */ = {
			isa = PBXGroup;
			children = (
				28D7CF0D1BA274BB004D6553 /* CALayerDemo3.app */,
				28D7CF261BA274BB004D6553 /* CALayerDemo3Tests.xctest */,
			);
			name = Products;
			sourceTree = "<group>";
		};
		28D7CF0F1BA274BB004D6553 /* CALayerDemo3 */ = {
			isa = PBXGroup;
			children = (
				28D7CF141BA274BB004D6553 /* AppDelegate.h */,
				28D7CF151BA274BB004D6553 /* AppDelegate.m */,
				28D7CF171BA274BB004D6553 /* ViewController.h */,
				28D7CF181BA274BB004D6553 /* ViewController.m */,
				28D7CF1A1BA274BB004D6553 /* Main.storyboard */,
				28D7CF1D1BA274BB004D6553 /* Images.xcassets */,
				28D7CF1F1BA274BB004D6553 /* LaunchScreen.xib */,
				28D7CF101BA274BB004D6553 /* Supporting Files */,
			);
			path = CALayerDemo3;
			sourceTree = "<group>";
		};
		28D7CF101BA274BB004D6553 /* Supporting Files */ = {
			isa = PBXGroup;
			children = (
				28D7CF111BA274BB004D6553 /* Info.plist */,
				28D7CF121BA274BB004D6553 /* main.m */,
			);
			name = "Supporting Files";
			sourceTree = "<group>";
		};
		28D7CF291BA274BB004D6553 /* CALayerDemo3Tests */ = {
			isa = PBXGroup;
			children = (
				28D7CF2C1BA274BB004D6553 /* CALayerDemo3Tests.m */,
				28D7CF2A1BA274BB004D6553 /* Supporting Files */,
			);
			path = CALayerDemo3Tests;
			sourceTree = "<group>";
		};
		28D7CF2A1BA274BB004D6553 /* Supporting Files */ = {
			isa = PBXGroup;
			children = (
				28D7CF2B1BA274BB004D6553 /* Info.plist */,
			);
			name = "Supporting Files";
			sourceTree = "<group>";
		};
/* End PBXGroup section */

/* Begin PBXNativeTarget section */
		28D7CF0C1BA274BB004D6553 /* CALayerDemo3 */ = {
			isa = PBXNativeTarget;
			buildConfigurationList = 28D7CF301BA274BB004D6553 /* Build configuration list for PBXNativeTarget "CALayerDemo3" */;
			buildPhases = (
				28D7CF091BA274BB004D6553 /* Sources */,
				28D7CF0A1BA274BB004D6553 /* Frameworks */,
				28D7CF0B1BA274BB004D6553 /* Resources */,
			);
			buildRules = (
			);
			dependencies = (
			);
			name = CALayerDemo3;
			productName = CALayerDemo3;
			productReference = 28D7CF0D1BA274BB004D6553 /* CALayerDemo3.app */;
			productType = "com.apple.product-type.application";
		};
		28D7CF251BA274BB004D6553 /* CALayerDemo3Tests */ = {
			isa = PBXNativeTarget;
			buildConfigurationList = 28D7CF331BA274BB004D6553 /* Build configuration list for PBXNativeTarget "CALayerDemo3Tests" */;
			buildPhases = (
				28D7CF221BA274BB004D6553 /* Sources */,
				28D7CF231BA274BB004D6553 /* Frameworks */,
				28D7CF241BA274BB004D6553 /* Resources */,
			);
			buildRules = (
			);
			dependencies = (
				28D7CF281BA274BB004D6553 /* PBXTargetDependency */,
			);
			name = CALayerDemo3Tests;
			productName = CALayerDemo3Tests;
			productReference = 28D7CF261BA274BB004D6553 /* CALayerDemo3Tests.xctest */;
			productType = "com.apple.product-type.bundle.unit-test";
		};
/* End PBXNativeTarget section */

/* Begin PBXProject section */
		28D7CF051BA274BB004D6553 /* Project object */ = {
			isa = PBXProject;
			attributes = {
				LastUpgradeCheck = 0640;
				ORGANIZATIONNAME = SY;
				TargetAttributes = {
					28D7CF0C1BA274BB004D6553 = {
						CreatedOnToolsVersion = 6.4;
					};
					28D7CF251BA274BB004D6553 = {
						CreatedOnToolsVersion = 6.4;
						TestTargetID = 28D7CF0C1BA274BB004D6553;
					};
				};
			};
			buildConfigurationList = 28D7CF081BA274BB004D6553 /* Build configuration list for PBXProject "CALayerDemo3" */;
			compatibilityVersion = "Xcode 3.2";
			developmentRegion = English;
			hasScannedForEncodings = 0;
			knownRegions = (
				en,
				Base,
			);
			mainGroup = 28D7CF041BA274BB004D6553;
			productRefGroup = 28D7CF0E1BA274BB004D6553 /* Products */;
			projectDirPath = "";
			projectRoot = "";
			targets = (
				28D7CF0C1BA274BB004D6553 /* CALayerDemo3 */,
				28D7CF251BA274BB004D6553 /* CALayerDemo3Tests */,
			);
		};
/* End PBXProject section */

/* Begin PBXResourcesBuildPhase section */
		28D7CF0B1BA274BB004D6553 /* Resources */ = {
			isa = PBXResourcesBuildPhase;
			buildActionMask = 2147483647;
			files = (
				28D7CF1C1BA274BB004D6553 /* Main.storyboard in Resources */,
				28D7CF211BA274BB004D6553 /* LaunchScreen.xib in Resources */,
				28D7CF1E1BA274BB004D6553 /* Images.xcassets in Resources */,
			);
			runOnlyForDeploymentPostprocessing = 0;
		};
		28D7CF241BA274BB004D6553 /* Resources */ = {
			isa = PBXResourcesBuildPhase;
			buildActionMask = 2147483647;
			files = (
			);
			runOnlyForDeploymentPostprocessing = 0;
		};
/* End PBXResourcesBuildPhase section */

/* Begin PBXSourcesBuildPhase section */
		28D7CF091BA274BB004D6553 /* Sources */ = {
			isa = PBXSourcesBuildPhase;
			buildActionMask = 2147483647;
			files = (
				28D7CF191BA274BB004D6553 /* ViewController.m in Sources */,
				28D7CF161BA274BB004D6553 /* AppDelegate.m in Sources */,
				28D7CF131BA274BB004D6553 /* main.m in Sources */,
			);
			runOnlyForDeploymentPostprocessing = 0;
		};
		28D7CF221BA274BB004D6553 /* Sources */ = {
			isa = PBXSourcesBuildPhase;
			buildActionMask = 2147483647;
			files = (
				28D7CF2D1BA274BB004D6553 /* CALayerDemo3Tests.m in Sources */,
			);
			runOnlyForDeploymentPostprocessing = 0;
		};
/* End PBXSourcesBuildPhase section */

/* Begin PBXTargetDependency section */
		28D7CF281BA274BB004D6553 /* PBXTargetDependency */ = {
			isa = PBXTargetDependency;
			target = 28D7CF0C1BA274BB004D6553 /* CALayerDemo3 */;
			targetProxy = 28D7CF271BA274BB004D6553 /* PBXContainerItemProxy */;
		};
/* End PBXTargetDependency section */

/* Begin PBXVariantGroup section */
		28D7CF1A1BA274BB004D6553 /* Main.storyboard */ = {
			isa = PBXVariantGroup;
			children = (
				28D7CF1B1BA274BB004D6553 /* Base */,
			);
			name = Main.storyboard;
			sourceTree = "<group>";
		};
		28D7CF1F1BA274BB004D6553 /* LaunchScreen.xib */ = {
			isa = PBXVariantGroup;
			children = (
				28D7CF201BA274BB004D6553 /* Base */,
			);
			name = LaunchScreen.xib;
			sourceTree = "<group>";
		};
/* End PBXVariantGroup section */

/* Begin XCBuildConfiguration section */
		28D7CF2E1BA274BB004D6553 /* Debug */ = {
			isa = XCBuildConfiguration;
			buildSettings = {
				ALWAYS_SEARCH_USER_PATHS = NO;
				CLANG_CXX_LANGUAGE_STANDARD = "gnu++0x";
				CLANG_CXX_LIBRARY = "libc++";
				CLANG_ENABLE_MODULES = YES;
				CLANG_ENABLE_OBJC_ARC = YES;
				CLANG_WARN_BOOL_CONVERSION = YES;
				CLANG_WARN_CONSTANT_CONVERSION = YES;
				CLANG_WARN_DIRECT_OBJC_ISA_USAGE = YES_ERROR;
				CLANG_WARN_EMPTY_BODY = YES;
				CLANG_WARN_ENUM_CONVERSION = YES;
				CLANG_WARN_INT_CONVERSION = YES;
				CLANG_WARN_OBJC_ROOT_CLASS = YES_ERROR;
				CLANG_WARN_UNREACHABLE_CODE = YES;
				CLANG_WARN__DUPLICATE_METHOD_MATCH = YES;
				"CODE_SIGN_IDENTITY[sdk=iphoneos*]" = "iPhone Developer";
				COPY_PHASE_STRIP = NO;
				DEBUG_INFORMATION_FORMAT = "dwarf-with-dsym";
				ENABLE_STRICT_OBJC_MSGSEND = YES;
				GCC_C_LANGUAGE_STANDARD = gnu99;
				GCC_DYNAMIC_NO_PIC = NO;
				GCC_NO_COMMON_BLOCKS = YES;
				GCC_OPTIMIZATION_LEVEL = 0;
				GCC_PREPROCESSOR_DEFINITIONS = (
					"DEBUG=1",
					"$(inherited)",
				);
				GCC_SYMBOLS_PRIVATE_EXTERN = NO;
				GCC_WARN_64_TO_32_BIT_CONVERSION = YES;
				GCC_WARN_ABOUT_RETURN_TYPE = YES_ERROR;
				GCC_WARN_UNDECLARED_SELECTOR = YES;
				GCC_WARN_UNINITIALIZED_AUTOS = YES_AGGRESSIVE;
				GCC_WARN_UNUSED_FUNCTION = YES;
				GCC_WARN_UNUSED_VARIABLE = YES;
				IPHONEOS_DEPLOYMENT_TARGET = 8.4;
				MTL_ENABLE_DEBUG_INFO = YES;
				ONLY_ACTIVE_ARCH = YES;
				SDKROOT = iphoneos;
			};
			name = Debug;
		};
		28D7CF2F1BA274BB004D6553 /* Release */ = {
			isa = XCBuildConfiguration;
			buildSettings = {
				ALWAYS_SEARCH_USER_PATHS = NO;
				CLANG_CXX_LANGUAGE_STANDARD = "gnu++0x";
				CLANG_CXX_LIBRARY = "libc++";
				CLANG_ENABLE_MODULES = YES;
				CLANG_ENABLE_OBJC_ARC = YES;
				CLANG_WARN_BOOL_CONVERSION = YES;
				CLANG_WARN_CONSTANT_CONVERSION = YES;
				CLANG_WARN_DIRECT_OBJC_ISA_USAGE = YES_ERROR;
				CLANG_WARN_EMPTY_BODY = YES;
				CLANG_WARN_ENUM_CONVERSION = YES;
				CLANG_WARN_INT_CONVERSION = YES;
				CLANG_WARN_OBJC_ROOT_CLASS = YES_ERROR;
				CLANG_WARN_UNREACHABLE_CODE = YES;
				CLANG_WARN__DUPLICATE_METHOD_MATCH = YES;
				"CODE_SIGN_IDENTITY[sdk=iphoneos*]" = "iPhone Developer";
				COPY_PHASE_STRIP = NO;
				DEBUG_INFORMATION_FORMAT = "dwarf-with-dsym";
				ENABLE_NS_ASSERTIONS = NO;
				ENABLE_STRICT_OBJC_MSGSEND = YES;
				GCC_C_LANGUAGE_STANDARD = gnu99;
				GCC_NO_COMMON_BLOCKS = YES;
				GCC_WARN_64_TO_32_BIT_CONVERSION = YES;
				GCC_WARN_ABOUT_RETURN_TYPE = YES_ERROR;
				GCC_WARN_UNDECLARED_SELECTOR = YES;
				GCC_WARN_UNINITIALIZED_AUTOS = YES_AGGRESSIVE;
				GCC_WARN_UNUSED_FUNCTION = YES;
				GCC_WARN_UNUSED_VARIABLE = YES;
				IPHONEOS_DEPLOYMENT_TARGET = 8.4;
				MTL_ENABLE_DEBUG_INFO = NO;
				SDKROOT = iphoneos;
				VALIDATE_PRODUCT = YES;
			};
			name = Release;
		};
		28D7CF311BA274BB004D6553 /* Debug */ = {
			isa = XCBuildConfiguration;
			buildSettings = {
				ASSETCATALOG_COMPILER_APPICON_NAME = AppIcon;
				INFOPLIST_FILE = CALayerDemo3/Info.plist;
				LD_RUNPATH_SEARCH_PATHS = "$(inherited) @executable_path/Frameworks";
				PRODUCT_NAME = "$(TARGET_NAME)";
			};
			name = Debug;
		};
		28D7CF321BA274BB004D6553 /* Release */ = {
			isa = XCBuildConfiguration;
			buildSettings = {
				ASSETCATALOG_COMPILER_APPICON_NAME = AppIcon;
				INFOPLIST_FILE = CALayerDemo3/Info.plist;
				LD_RUNPATH_SEARCH_PATHS = "$(inherited) @executable_path/Frameworks";
				PRODUCT_NAME = "$(TARGET_NAME)";
			};
			name = Release;
		};
		28D7CF341BA274BB004D6553 /* Debug */ = {
			isa = XCBuildConfiguration;
			buildSettings = {
				BUNDLE_LOADER = "$(TEST_HOST)";
				FRAMEWORK_SEARCH_PATHS = (
					"$(SDKROOT)/Developer/Library/Frameworks",
					"$(inherited)",
				);
				GCC_PREPROCESSOR_DEFINITIONS = (
					"DEBUG=1",
					"$(inherited)",
				);
				INFOPLIST_FILE = CALayerDemo3Tests/Info.plist;
				LD_RUNPATH_SEARCH_PATHS = "$(inherited) @executable_path/Frameworks @loader_path/Frameworks";
				PRODUCT_NAME = "$(TARGET_NAME)";
				TEST_HOST = "$(BUILT_PRODUCTS_DIR)/CALayerDemo3.app/CALayerDemo3";
			};
			name = Debug;
		};
		28D7CF351BA274BB004D6553 /* Release */ = {
			isa = XCBuildConfiguration;
			buildSettings = {
				BUNDLE_LOADER = "$(TEST_HOST)";
				FRAMEWORK_SEARCH_PATHS = (
					"$(SDKROOT)/Developer/Library/Frameworks",
					"$(inherited)",
				);
				INFOPLIST_FILE = CALayerDemo3Tests/Info.plist;
				LD_RUNPATH_SEARCH_PATHS = "$(inherited) @executable_path/Frameworks @loader_path/Frameworks";
				PRODUCT_NAME = "$(TARGET_NAME)";
				TEST_HOST = "$(BUILT_PRODUCTS_DIR)/CALayerDemo3.app/CALayerDemo3";
			};
			name = Release;
		};
/* End XCBuildConfiguration section */

/* Begin XCConfigurationList section */
		28D7CF081BA274BB004D6553 /* Build configuration list for PBXProject "CALayerDemo3" */ = {
			isa = XCConfigurationList;
			buildConfigurations = (
				28D7CF2E1BA274BB004D6553 /* Debug */,
				28D7CF2F1BA274BB004D6553 /* Release */,
			);
			defaultConfigurationIsVisible = 0;
			defaultConfigurationName = Release;
		};
		28D7CF301BA274BB004D6553 /* Build configuration list for PBXNativeTarget "CALayerDemo3" */ = {
			isa = XCConfigurationList;
			buildConfigurations = (
				28D7CF311BA274BB004D6553 /* Debug */,
				28D7CF321BA274BB004D6553 /* Release */,
			);
			defaultConfigurationIsVisible = 0;
		};
		28D7CF331BA274BB004D6553 /* Build configuration list for PBXNativeTarget "CALayerDemo3Tests" */ = {
			isa = XCConfigurationList;
			buildConfigurations = (
				28D7CF341BA274BB004D6553 /* Debug */,
				28D7CF351BA274BB004D6553 /* Release */,
			);
			defaultConfigurationIsVisible = 0;
		};
/* End XCConfigurationList section */
	};
	rootObject = 28D7CF051BA274BB004D6553 /* Project object */;
}
